{
  "name": "org.wildfly.halos",
  "version": "0.0.1",
  "lockfileVersion": 1,
  "requires": true,
  "dependencies": {
    "@patternfly/patternfly": {
      "version": "2.48.1",
      "resolved": "https://registry.npmjs.org/@patternfly/patternfly/-/patternfly-2.48.1.tgz",
      "integrity": "sha512-qYnYKVBtQWkluPHe+xudDp04HPOOtdSBozrigNmJ+6l27SzRspSeex0aKGMAdXaMcOO+TnPKrLq9I4TBZO+2Ww=="
    }
  }
}
